
Microsoft Visual Studio Solution File, Format Version 12.00
# Visual Studio 15
VisualStudioVersion = 15.0.28307.329
MinimumVisualStudioVersion = 10.0.40219.1
Project("{FAE04EC0-301F-11D3-BF4B-00C04F79EFBC}") = "Pau_PA6", "Pau_PA6\Pau_PA6.csproj", "{42DF6227-723F-425B-9B17-A17F2431D43C}"
EndProject
Global
	GlobalSection(SolutionConfigurationPlatforms) = preSolution
		Debug|Any CPU = Debug|Any CPU
		Release|Any CPU = Release|Any CPU
	EndGlobalSection
	GlobalSection(ProjectConfigurationPlatforms) = postSolution
		{42DF6227-723F-425B-9B17-A17F2431D43C}.Debug|Any CPU.ActiveCfg = Debug|Any CPU
		{42DF6227-723F-425B-9B17-A17F2431D43C}.Debug|Any CPU.Build.0 = Debug|Any CPU
		{42DF6227-723F-425B-9B17-A17F2431D43C}.Release|Any CPU.ActiveCfg = Release|Any CPU
		{42DF6227-723F-425B-9B17-A17F2431D43C}.Release|Any CPU.Build.0 = Release|Any CPU
	EndGlobalSection
	GlobalSection(SolutionProperties) = preSolution
		HideSolutionNode = FALSE
	EndGlobalSection
	GlobalSection(ExtensibilityGlobals) = postSolution
		SolutionGuid = {935DE7A2-3980-47B5-A910-A8B23FBCBE63}
	EndGlobalSection
EndGlobal
