
Microsoft Visual Studio Solution File, Format Version 12.00
# Visual Studio 15
VisualStudioVersion = 15.0.28307.329
MinimumVisualStudioVersion = 10.0.40219.1
Project("{FAE04EC0-301F-11D3-BF4B-00C04F79EFBC}") = "Pau_PA3", "Pau_PA3\Pau_PA3.csproj", "{AE852927-4335-4183-A4F9-A965E3D50D5E}"
EndProject
Global
	GlobalSection(SolutionConfigurationPlatforms) = preSolution
		Debug|Any CPU = Debug|Any CPU
		Release|Any CPU = Release|Any CPU
	EndGlobalSection
	GlobalSection(ProjectConfigurationPlatforms) = postSolution
		{AE852927-4335-4183-A4F9-A965E3D50D5E}.Debug|Any CPU.ActiveCfg = Debug|Any CPU
		{AE852927-4335-4183-A4F9-A965E3D50D5E}.Debug|Any CPU.Build.0 = Debug|Any CPU
		{AE852927-4335-4183-A4F9-A965E3D50D5E}.Release|Any CPU.ActiveCfg = Release|Any CPU
		{AE852927-4335-4183-A4F9-A965E3D50D5E}.Release|Any CPU.Build.0 = Release|Any CPU
	EndGlobalSection
	GlobalSection(SolutionProperties) = preSolution
		HideSolutionNode = FALSE
	EndGlobalSection
	GlobalSection(ExtensibilityGlobals) = postSolution
		SolutionGuid = {58E1147F-D01D-48CD-9397-F82AC74D3EA1}
	EndGlobalSection
EndGlobal
